
Microsoft Visual Studio Solution File, Format Version 12.00
# Visual Studio Version 17
VisualStudioVersion = 17.14.36203.30
MinimumVisualStudioVersion = 10.0.40219.1
Project("{FAE04EC0-301F-11D3-BF4B-00C04F79EFBC}") = "JSE.EmployeeLeaveSystem.Api", "JSE.EmployeeLeaveSystem.Api\JSE.EmployeeLeaveSystem.Api.csproj", "{62F0991F-DFF0-4141-9C25-1CAD6D2148F5}"
EndProject
Project("{2150E333-8FDC-42A3-9474-1A3956D46DE8}") = "Model", "Model", "{02EA681E-C7D8-13C7-8484-4AC65E1B71E8}"
EndProject
Project("{FAE04EC0-301F-11D3-BF4B-00C04F79EFBC}") = "JSE.EmployeeLeaveSystem.Model", "JSE.EmployeeLeaveSystem.Model\JSE.EmployeeLeaveSystem.Model\JSE.EmployeeLeaveSystem.Model.csproj", "{2DCACC2B-A860-4D76-86E9-BC7E5BCB6E57}"
EndProject
Project("{FAE04EC0-301F-11D3-BF4B-00C04F79EFBC}") = "JSE.EmployeeLeaveSystem.Data", "JSE.EmployeeLeaveSystem.Data\JSE.EmployeeLeaveSystem.Data\JSE.EmployeeLeaveSystem.Data.csproj", "{BC36966D-D58D-412A-B2CE-ABD2CBAA6E21}"
EndProject
Project("{FAE04EC0-301F-11D3-BF4B-00C04F79EFBC}") = "JSE.EmployeeLeaveSystem.Domain", "JSE.EmployeeLeaveSystem.Domain\JSE.EmployeeLeaveSystem.Domain.csproj", "{1D3C53AF-FB3B-46B0-B1C0-B49454EC1579}"
EndProject
Project("{FAE04EC0-301F-11D3-BF4B-00C04F79EFBC}") = "JSE.EmployeeLeaveSystem.Dal", "JSE.EmployeeLeaveSystem.Dal\JSE.EmployeeLeaveSystem.Dal.csproj", "{1428C9D5-2E7A-4BB1-8935-1414A1C1884E}"
EndProject
Project("{FAE04EC0-301F-11D3-BF4B-00C04F79EFBC}") = "JSE.EmployeeLeaveSystem.ServiceExtension", "JSE.EmployeeLeaveSystem.ServiceExtension\JSE.EmployeeLeaveSystem.ServiceExtension.csproj", "{62FCEB08-0264-4A21-8BBA-568222BDDCDC}"
EndProject
Global
	GlobalSection(SolutionConfigurationPlatforms) = preSolution
		Debug|Any CPU = Debug|Any CPU
		Release|Any CPU = Release|Any CPU
	EndGlobalSection
	GlobalSection(ProjectConfigurationPlatforms) = postSolution
		{62F0991F-DFF0-4141-9C25-1CAD6D2148F5}.Debug|Any CPU.ActiveCfg = Debug|Any CPU
		{62F0991F-DFF0-4141-9C25-1CAD6D2148F5}.Debug|Any CPU.Build.0 = Debug|Any CPU
		{62F0991F-DFF0-4141-9C25-1CAD6D2148F5}.Release|Any CPU.ActiveCfg = Release|Any CPU
		{62F0991F-DFF0-4141-9C25-1CAD6D2148F5}.Release|Any CPU.Build.0 = Release|Any CPU
		{2DCACC2B-A860-4D76-86E9-BC7E5BCB6E57}.Debug|Any CPU.ActiveCfg = Debug|Any CPU
		{2DCACC2B-A860-4D76-86E9-BC7E5BCB6E57}.Debug|Any CPU.Build.0 = Debug|Any CPU
		{2DCACC2B-A860-4D76-86E9-BC7E5BCB6E57}.Release|Any CPU.ActiveCfg = Release|Any CPU
		{2DCACC2B-A860-4D76-86E9-BC7E5BCB6E57}.Release|Any CPU.Build.0 = Release|Any CPU
		{BC36966D-D58D-412A-B2CE-ABD2CBAA6E21}.Debug|Any CPU.ActiveCfg = Debug|Any CPU
		{BC36966D-D58D-412A-B2CE-ABD2CBAA6E21}.Debug|Any CPU.Build.0 = Debug|Any CPU
		{BC36966D-D58D-412A-B2CE-ABD2CBAA6E21}.Release|Any CPU.ActiveCfg = Release|Any CPU
		{BC36966D-D58D-412A-B2CE-ABD2CBAA6E21}.Release|Any CPU.Build.0 = Release|Any CPU
		{1D3C53AF-FB3B-46B0-B1C0-B49454EC1579}.Debug|Any CPU.ActiveCfg = Debug|Any CPU
		{1D3C53AF-FB3B-46B0-B1C0-B49454EC1579}.Debug|Any CPU.Build.0 = Debug|Any CPU
		{1D3C53AF-FB3B-46B0-B1C0-B49454EC1579}.Release|Any CPU.ActiveCfg = Release|Any CPU
		{1D3C53AF-FB3B-46B0-B1C0-B49454EC1579}.Release|Any CPU.Build.0 = Release|Any CPU
		{1428C9D5-2E7A-4BB1-8935-1414A1C1884E}.Debug|Any CPU.ActiveCfg = Debug|Any CPU
		{1428C9D5-2E7A-4BB1-8935-1414A1C1884E}.Debug|Any CPU.Build.0 = Debug|Any CPU
		{1428C9D5-2E7A-4BB1-8935-1414A1C1884E}.Release|Any CPU.ActiveCfg = Release|Any CPU
		{1428C9D5-2E7A-4BB1-8935-1414A1C1884E}.Release|Any CPU.Build.0 = Release|Any CPU
		{62FCEB08-0264-4A21-8BBA-568222BDDCDC}.Debug|Any CPU.ActiveCfg = Debug|Any CPU
		{62FCEB08-0264-4A21-8BBA-568222BDDCDC}.Debug|Any CPU.Build.0 = Debug|Any CPU
		{62FCEB08-0264-4A21-8BBA-568222BDDCDC}.Release|Any CPU.ActiveCfg = Release|Any CPU
		{62FCEB08-0264-4A21-8BBA-568222BDDCDC}.Release|Any CPU.Build.0 = Release|Any CPU
	EndGlobalSection
	GlobalSection(SolutionProperties) = preSolution
		HideSolutionNode = FALSE
	EndGlobalSection
	GlobalSection(NestedProjects) = preSolution
		{2DCACC2B-A860-4D76-86E9-BC7E5BCB6E57} = {02EA681E-C7D8-13C7-8484-4AC65E1B71E8}
	EndGlobalSection
	GlobalSection(ExtensibilityGlobals) = postSolution
		SolutionGuid = {539C932D-00DB-40B4-8ADE-3FF682416E78}
	EndGlobalSection
EndGlobal
